
Microsoft Visual Studio Solution File, Format Version 12.00
# Visual Studio Version 17
VisualStudioVersion = 17.0.32014.148
MinimumVisualStudioVersion = 10.0.40219.1
Project("{2150E333-8FDC-42A3-9474-1A3956D46DE8}") = "samples", "samples", "{8B467944-153B-4C90-BAB1-8F1B34C3075A}"
EndProject
Project("{2150E333-8FDC-42A3-9474-1A3956D46DE8}") = "Velusia", "Velusia", "{F47D1283-0EE9-4728-8026-58405C29B786}"
EndProject
Project("{2150E333-8FDC-42A3-9474-1A3956D46DE8}") = "Zirku", "Zirku", "{E0ADFFCA-A604-42D1-8F6D-DE888E061188}"
EndProject
Project("{2150E333-8FDC-42A3-9474-1A3956D46DE8}") = "Hollastin", "Hollastin", "{F354FBF2-8FF6-424E-AF59-DB58EC767D39}"
EndProject
Project("{2150E333-8FDC-42A3-9474-1A3956D46DE8}") = "Aridka", "Aridka", "{677D0C2C-B66E-487E-B915-CFE1C63CB1CC}"
EndProject
Project("{2150E333-8FDC-42A3-9474-1A3956D46DE8}") = "Imynusoph", "Imynusoph", "{E8108CC6-A798-423C-99C6-A37BEBCEE7F0}"
EndProject
Project("{9A19103F-16F7-4668-BE54-9A1E7A4F7556}") = "Velusia.Client", "samples\Velusia\Velusia.Client\Velusia.Client.csproj", "{96B22EB9-771A-4DCA-B828-E6EA2774CF1B}"
EndProject
Project("{9A19103F-16F7-4668-BE54-9A1E7A4F7556}") = "Velusia.Server", "samples\Velusia\Velusia.Server\Velusia.Server.csproj", "{7CBEAFD2-E3D0-4424-9B78-E87AB52327A6}"
EndProject
Project("{9A19103F-16F7-4668-BE54-9A1E7A4F7556}") = "Zirku.Api1", "samples\Zirku\Zirku.Api1\Zirku.Api1.csproj", "{BA61A766-958E-4960-B6FA-D1140A67511C}"
EndProject
Project("{9A19103F-16F7-4668-BE54-9A1E7A4F7556}") = "Zirku.Api2", "samples\Zirku\Zirku.Api2\Zirku.Api2.csproj", "{D10D7632-54E7-42F3-9E1E-82F72F25ECC4}"
EndProject
Project("{9A19103F-16F7-4668-BE54-9A1E7A4F7556}") = "Zirku.Server", "samples\Zirku\Zirku.Server\Zirku.Server.csproj", "{81B4872C-5F9F-4E4F-A895-E4057BD81E29}"
EndProject
Project("{9A19103F-16F7-4668-BE54-9A1E7A4F7556}") = "Hollastin.Server", "samples\Hollastin\Hollastin.Server\Hollastin.Server.csproj", "{A75B3EE1-70F2-467B-8251-DEC0B02F5299}"
EndProject
Project("{9A19103F-16F7-4668-BE54-9A1E7A4F7556}") = "Hollastin.Client", "samples\Hollastin\Hollastin.Client\Hollastin.Client.csproj", "{24E80778-8E90-42CA-B052-B783C13B8968}"
EndProject
Project("{9A19103F-16F7-4668-BE54-9A1E7A4F7556}") = "Aridka.Server", "samples\Aridka\Aridka.Server\Aridka.Server.csproj", "{11AC3EFC-B4C0-42E2-8DB3-B39B3817CAA3}"
EndProject
Project("{9A19103F-16F7-4668-BE54-9A1E7A4F7556}") = "Aridka.Client", "samples\Aridka\Aridka.Client\Aridka.Client.csproj", "{81382AEF-4096-4653-85D9-9A55FC67885C}"
EndProject
Project("{9A19103F-16F7-4668-BE54-9A1E7A4F7556}") = "Imynusoph.Server", "samples\Imynusoph\Imynusoph.Server\Imynusoph.Server.csproj", "{EB20BBB7-591C-44AB-8FDE-3272CAC2BF56}"
EndProject
Project("{9A19103F-16F7-4668-BE54-9A1E7A4F7556}") = "Imynusoph.Client", "samples\Imynusoph\Imynusoph.Client\Imynusoph.Client.csproj", "{9C934C2E-BC44-4644-A77B-EDC5DCBA4624}"
EndProject
Project("{2150E333-8FDC-42A3-9474-1A3956D46DE8}") = "eng", "eng", "{713DB665-E7C3-4106-A5C5-65B5046A1DC0}"
	ProjectSection(SolutionItems) = preProject
		eng\Signing.props = eng\Signing.props
		eng\Tools.props = eng\Tools.props
		eng\Version.Details.xml = eng\Version.Details.xml
	EndProjectSection
EndProject
Project("{2150E333-8FDC-42A3-9474-1A3956D46DE8}") = "root", "root", "{1DBD2338-AD2E-4DCF-B1C3-0B4E31E76585}"
	ProjectSection(SolutionItems) = preProject
		.gitattributes = .gitattributes
		.gitignore = .gitignore
		build.cmd = build.cmd
		build.sh = build.sh
		Directory.Build.props = Directory.Build.props
		Directory.Build.targets = Directory.Build.targets
		global.json = global.json
		LICENSE.md = LICENSE.md
		NuGet.config = NuGet.config
		Packages.props = Packages.props
		README.md = README.md
	EndProjectSection
EndProject
Project("{9A19103F-16F7-4668-BE54-9A1E7A4F7556}") = "Zirku.Client", "samples\Zirku\Zirku.Client\Zirku.Client.csproj", "{94035563-0B48-4BC0-B267-ACDE9B68A655}"
EndProject
Project("{2150E333-8FDC-42A3-9474-1A3956D46DE8}") = "workflows", "workflows", "{0E148014-CB0B-4E21-A1B9-90F0BDC1530C}"
	ProjectSection(SolutionItems) = preProject
		.github\workflows\build.yml = .github\workflows\build.yml
	EndProjectSection
EndProject
Project("{9A19103F-16F7-4668-BE54-9A1E7A4F7556}") = "Balosar.Server", "samples\Balosar\Balosar.Server\Balosar.Server.csproj", "{650ADCA7-6D20-41D6-AC76-827E0EBEDB5A}"
EndProject
Project("{9A19103F-16F7-4668-BE54-9A1E7A4F7556}") = "Balosar.Client", "samples\Balosar\Balosar.Client\Balosar.Client.csproj", "{EC0CA0E4-6621-4F31-B954-02C7D6EF4566}"
EndProject
Project("{9A19103F-16F7-4668-BE54-9A1E7A4F7556}") = "Balosar.Shared", "samples\Balosar\Balosar.Shared\Balosar.Shared.csproj", "{548BBBF7-89DC-42DE-A0AD-3271E8DA8B0E}"
EndProject
Project("{2150E333-8FDC-42A3-9474-1A3956D46DE8}") = "Balosar", "Balosar", "{277544C8-FE91-41EE-81A8-12FE99BA9F60}"
EndProject
Project("{2150E333-8FDC-42A3-9474-1A3956D46DE8}") = "Kalarba", "Kalarba", "{196EEDE4-CF84-44D5-905B-30F341F7617E}"
EndProject
Project("{9A19103F-16F7-4668-BE54-9A1E7A4F7556}") = "Kalarba.Server", "samples\Kalarba\Kalarba.Server\Kalarba.Server.csproj", "{A5CEBB9D-01DE-489B-AED6-4417A773516D}"
EndProject
Project("{9A19103F-16F7-4668-BE54-9A1E7A4F7556}") = "Kalarba.Client", "samples\Kalarba\Kalarba.Client\Kalarba.Client.csproj", "{839319BA-4C99-4620-BDFE-F9F114DC9979}"
EndProject
Project("{2150E333-8FDC-42A3-9474-1A3956D46DE8}") = "Weytta", "Weytta", "{37448199-E002-4FA0-A712-B6DB22DA98EC}"
EndProject
Project("{9A19103F-16F7-4668-BE54-9A1E7A4F7556}") = "Weytta.Client", "samples\Weytta\Weytta.Client\Weytta.Client.csproj", "{20C5B39E-CEBA-4CCD-979A-5499B4030043}"
EndProject
Project("{9A19103F-16F7-4668-BE54-9A1E7A4F7556}") = "Weytta.Server", "samples\Weytta\Weytta.Server\Weytta.Server.csproj", "{02D5D1C5-675D-482D-9F74-F06FC522D2CC}"
EndProject
Project("{2150E333-8FDC-42A3-9474-1A3956D46DE8}") = "Matty", "Matty", "{ED010D24-86A2-4B38-82E4-37751AFBB5A7}"
EndProject
Project("{9A19103F-16F7-4668-BE54-9A1E7A4F7556}") = "Matty.Server", "samples\Matty\Matty.Server\Matty.Server.csproj", "{2EFD1494-BFFA-4FFD-A8DF-6E4407FE2F8C}"
EndProject
Project("{9A19103F-16F7-4668-BE54-9A1E7A4F7556}") = "Matty.Client", "samples\Matty\Matty.Client\Matty.Client.csproj", "{C4236F3D-CB6F-4476-AF11-F0C57ED1FC5E}"
EndProject
Project("{2150E333-8FDC-42A3-9474-1A3956D46DE8}") = "Fornax", "Fornax", "{4BEBB450-228D-4376-A287-ECF9DC15FA8B}"
EndProject
Project("{9A19103F-16F7-4668-BE54-9A1E7A4F7556}") = "Fornax.Server", "samples\Fornax\Fornax.Server\Fornax.Server.csproj", "{A323CAED-4D94-4AB1-B153-3C477A1DEF50}"
EndProject
Project("{9A19103F-16F7-4668-BE54-9A1E7A4F7556}") = "Fornax.Client", "samples\Fornax\Fornax.Client\Fornax.Client.csproj", "{639D957B-F9AB-4809-A4B6-F4ADEB2E0163}"
EndProject
Project("{2150E333-8FDC-42A3-9474-1A3956D46DE8}") = "Contruum", "Contruum", "{C1A7C9CE-10A0-42E7-9EF8-6001DE59CBFA}"
EndProject
Project("{9A19103F-16F7-4668-BE54-9A1E7A4F7556}") = "Contruum.Server", "samples\Contruum\Contruum.Server\Contruum.Server.csproj", "{9343354C-A9AA-4BB5-BD86-9901716CA0A0}"
EndProject
Project("{2150E333-8FDC-42A3-9474-1A3956D46DE8}") = "Mimban", "Mimban", "{E61EDAE1-AFBE-4B53-9A4B-E4BE2A609C45}"
EndProject
Project("{9A19103F-16F7-4668-BE54-9A1E7A4F7556}") = "Mimban.Server", "samples\Mimban\Mimban.Server\Mimban.Server.csproj", "{A8C89A01-7B24-4636-B54F-80258F2E1455}"
EndProject
Project("{9A19103F-16F7-4668-BE54-9A1E7A4F7556}") = "Mimban.Client", "samples\Mimban\Mimban.Client\Mimban.Client.csproj", "{33DC048A-3650-4A22-8B13-415403DCA584}"
EndProject
Project("{2150E333-8FDC-42A3-9474-1A3956D46DE8}") = "Dantooine", "Dantooine", "{6B6EC350-1413-4B26-91E4-255DA5394227}"
EndProject
Project("{9A19103F-16F7-4668-BE54-9A1E7A4F7556}") = "Dantooine.Server", "samples\Dantooine\Dantooine.Server\Dantooine.Server.csproj", "{00F4B1F1-C634-4F69-9BFF-831E42DEB170}"
EndProject
Project("{9A19103F-16F7-4668-BE54-9A1E7A4F7556}") = "Dantooine.Api1", "samples\Dantooine\Dantooine.Api1\Dantooine.Api1.csproj", "{E7DF8128-89BA-4B60-8AC0-EEBB96211A8F}"
EndProject
Project("{2150E333-8FDC-42A3-9474-1A3956D46DE8}") = "Dantooine.Client", "Dantooine.Client", "{941B57F4-DF00-4AAB-9BBF-C07D9393CCEB}"
EndProject
Project("{9A19103F-16F7-4668-BE54-9A1E7A4F7556}") = "Dantooine.BFF.Shared", "samples\Dantooine\Dantooine.Client\Shared\Dantooine.BFF.Shared.csproj", "{BB4DCBE8-8A27-4C9A-854E-484706F49D04}"
EndProject
Project("{9A19103F-16F7-4668-BE54-9A1E7A4F7556}") = "Dantooine.BFF.Client", "samples\Dantooine\Dantooine.Client\Client\Dantooine.BFF.Client.csproj", "{31542B3D-096B-4051-AC17-624136CAC867}"
EndProject
Project("{9A19103F-16F7-4668-BE54-9A1E7A4F7556}") = "Dantooine.BFF.Server", "samples\Dantooine\Dantooine.Client\Server\Dantooine.BFF.Server.csproj", "{CFF4287A-1A9B-4D0F-A6B1-9C4AB0291718}"
EndProject
Global
	GlobalSection(SolutionConfigurationPlatforms) = preSolution
		Debug|Any CPU = Debug|Any CPU
		Release|Any CPU = Release|Any CPU
	EndGlobalSection
	GlobalSection(ProjectConfigurationPlatforms) = postSolution
		{96B22EB9-771A-4DCA-B828-E6EA2774CF1B}.Debug|Any CPU.ActiveCfg = Debug|Any CPU
		{96B22EB9-771A-4DCA-B828-E6EA2774CF1B}.Debug|Any CPU.Build.0 = Debug|Any CPU
		{96B22EB9-771A-4DCA-B828-E6EA2774CF1B}.Release|Any CPU.ActiveCfg = Release|Any CPU
		{96B22EB9-771A-4DCA-B828-E6EA2774CF1B}.Release|Any CPU.Build.0 = Release|Any CPU
		{7CBEAFD2-E3D0-4424-9B78-E87AB52327A6}.Debug|Any CPU.ActiveCfg = Debug|Any CPU
		{7CBEAFD2-E3D0-4424-9B78-E87AB52327A6}.Debug|Any CPU.Build.0 = Debug|Any CPU
		{7CBEAFD2-E3D0-4424-9B78-E87AB52327A6}.Release|Any CPU.ActiveCfg = Release|Any CPU
		{7CBEAFD2-E3D0-4424-9B78-E87AB52327A6}.Release|Any CPU.Build.0 = Release|Any CPU
		{BA61A766-958E-4960-B6FA-D1140A67511C}.Debug|Any CPU.ActiveCfg = Debug|Any CPU
		{BA61A766-958E-4960-B6FA-D1140A67511C}.Debug|Any CPU.Build.0 = Debug|Any CPU
		{BA61A766-958E-4960-B6FA-D1140A67511C}.Release|Any CPU.ActiveCfg = Release|Any CPU
		{BA61A766-958E-4960-B6FA-D1140A67511C}.Release|Any CPU.Build.0 = Release|Any CPU
		{D10D7632-54E7-42F3-9E1E-82F72F25ECC4}.Debug|Any CPU.ActiveCfg = Debug|Any CPU
		{D10D7632-54E7-42F3-9E1E-82F72F25ECC4}.Debug|Any CPU.Build.0 = Debug|Any CPU
		{D10D7632-54E7-42F3-9E1E-82F72F25ECC4}.Release|Any CPU.ActiveCfg = Release|Any CPU
		{D10D7632-54E7-42F3-9E1E-82F72F25ECC4}.Release|Any CPU.Build.0 = Release|Any CPU
		{81B4872C-5F9F-4E4F-A895-E4057BD81E29}.Debug|Any CPU.ActiveCfg = Debug|Any CPU
		{81B4872C-5F9F-4E4F-A895-E4057BD81E29}.Debug|Any CPU.Build.0 = Debug|Any CPU
		{81B4872C-5F9F-4E4F-A895-E4057BD81E29}.Release|Any CPU.ActiveCfg = Release|Any CPU
		{81B4872C-5F9F-4E4F-A895-E4057BD81E29}.Release|Any CPU.Build.0 = Release|Any CPU
		{A75B3EE1-70F2-467B-8251-DEC0B02F5299}.Debug|Any CPU.ActiveCfg = Debug|Any CPU
		{A75B3EE1-70F2-467B-8251-DEC0B02F5299}.Debug|Any CPU.Build.0 = Debug|Any CPU
		{A75B3EE1-70F2-467B-8251-DEC0B02F5299}.Release|Any CPU.ActiveCfg = Release|Any CPU
		{A75B3EE1-70F2-467B-8251-DEC0B02F5299}.Release|Any CPU.Build.0 = Release|Any CPU
		{24E80778-8E90-42CA-B052-B783C13B8968}.Debug|Any CPU.ActiveCfg = Debug|Any CPU
		{24E80778-8E90-42CA-B052-B783C13B8968}.Debug|Any CPU.Build.0 = Debug|Any CPU
		{24E80778-8E90-42CA-B052-B783C13B8968}.Release|Any CPU.ActiveCfg = Release|Any CPU
		{24E80778-8E90-42CA-B052-B783C13B8968}.Release|Any CPU.Build.0 = Release|Any CPU
		{11AC3EFC-B4C0-42E2-8DB3-B39B3817CAA3}.Debug|Any CPU.ActiveCfg = Debug|Any CPU
		{11AC3EFC-B4C0-42E2-8DB3-B39B3817CAA3}.Debug|Any CPU.Build.0 = Debug|Any CPU
		{11AC3EFC-B4C0-42E2-8DB3-B39B3817CAA3}.Release|Any CPU.ActiveCfg = Release|Any CPU
		{11AC3EFC-B4C0-42E2-8DB3-B39B3817CAA3}.Release|Any CPU.Build.0 = Release|Any CPU
		{81382AEF-4096-4653-85D9-9A55FC67885C}.Debug|Any CPU.ActiveCfg = Debug|Any CPU
		{81382AEF-4096-4653-85D9-9A55FC67885C}.Debug|Any CPU.Build.0 = Debug|Any CPU
		{81382AEF-4096-4653-85D9-9A55FC67885C}.Release|Any CPU.ActiveCfg = Release|Any CPU
		{81382AEF-4096-4653-85D9-9A55FC67885C}.Release|Any CPU.Build.0 = Release|Any CPU
		{EB20BBB7-591C-44AB-8FDE-3272CAC2BF56}.Debug|Any CPU.ActiveCfg = Debug|Any CPU
		{EB20BBB7-591C-44AB-8FDE-3272CAC2BF56}.Debug|Any CPU.Build.0 = Debug|Any CPU
		{EB20BBB7-591C-44AB-8FDE-3272CAC2BF56}.Release|Any CPU.ActiveCfg = Release|Any CPU
		{EB20BBB7-591C-44AB-8FDE-3272CAC2BF56}.Release|Any CPU.Build.0 = Release|Any CPU
		{9C934C2E-BC44-4644-A77B-EDC5DCBA4624}.Debug|Any CPU.ActiveCfg = Debug|Any CPU
		{9C934C2E-BC44-4644-A77B-EDC5DCBA4624}.Debug|Any CPU.Build.0 = Debug|Any CPU
		{9C934C2E-BC44-4644-A77B-EDC5DCBA4624}.Release|Any CPU.ActiveCfg = Release|Any CPU
		{9C934C2E-BC44-4644-A77B-EDC5DCBA4624}.Release|Any CPU.Build.0 = Release|Any CPU
		{94035563-0B48-4BC0-B267-ACDE9B68A655}.Debug|Any CPU.ActiveCfg = Debug|Any CPU
		{94035563-0B48-4BC0-B267-ACDE9B68A655}.Debug|Any CPU.Build.0 = Debug|Any CPU
		{94035563-0B48-4BC0-B267-ACDE9B68A655}.Release|Any CPU.ActiveCfg = Release|Any CPU
		{94035563-0B48-4BC0-B267-ACDE9B68A655}.Release|Any CPU.Build.0 = Release|Any CPU
		{650ADCA7-6D20-41D6-AC76-827E0EBEDB5A}.Debug|Any CPU.ActiveCfg = Debug|Any CPU
		{650ADCA7-6D20-41D6-AC76-827E0EBEDB5A}.Debug|Any CPU.Build.0 = Debug|Any CPU
		{650ADCA7-6D20-41D6-AC76-827E0EBEDB5A}.Release|Any CPU.ActiveCfg = Release|Any CPU
		{650ADCA7-6D20-41D6-AC76-827E0EBEDB5A}.Release|Any CPU.Build.0 = Release|Any CPU
		{EC0CA0E4-6621-4F31-B954-02C7D6EF4566}.Debug|Any CPU.ActiveCfg = Debug|Any CPU
		{EC0CA0E4-6621-4F31-B954-02C7D6EF4566}.Debug|Any CPU.Build.0 = Debug|Any CPU
		{EC0CA0E4-6621-4F31-B954-02C7D6EF4566}.Release|Any CPU.ActiveCfg = Release|Any CPU
		{EC0CA0E4-6621-4F31-B954-02C7D6EF4566}.Release|Any CPU.Build.0 = Release|Any CPU
		{548BBBF7-89DC-42DE-A0AD-3271E8DA8B0E}.Debug|Any CPU.ActiveCfg = Debug|Any CPU
		{548BBBF7-89DC-42DE-A0AD-3271E8DA8B0E}.Debug|Any CPU.Build.0 = Debug|Any CPU
		{548BBBF7-89DC-42DE-A0AD-3271E8DA8B0E}.Release|Any CPU.ActiveCfg = Release|Any CPU
		{548BBBF7-89DC-42DE-A0AD-3271E8DA8B0E}.Release|Any CPU.Build.0 = Release|Any CPU
		{A5CEBB9D-01DE-489B-AED6-4417A773516D}.Debug|Any CPU.ActiveCfg = Debug|Any CPU
		{A5CEBB9D-01DE-489B-AED6-4417A773516D}.Debug|Any CPU.Build.0 = Debug|Any CPU
		{A5CEBB9D-01DE-489B-AED6-4417A773516D}.Release|Any CPU.ActiveCfg = Release|Any CPU
		{A5CEBB9D-01DE-489B-AED6-4417A773516D}.Release|Any CPU.Build.0 = Release|Any CPU
		{839319BA-4C99-4620-BDFE-F9F114DC9979}.Debug|Any CPU.ActiveCfg = Debug|Any CPU
		{839319BA-4C99-4620-BDFE-F9F114DC9979}.Debug|Any CPU.Build.0 = Debug|Any CPU
		{839319BA-4C99-4620-BDFE-F9F114DC9979}.Release|Any CPU.ActiveCfg = Release|Any CPU
		{839319BA-4C99-4620-BDFE-F9F114DC9979}.Release|Any CPU.Build.0 = Release|Any CPU
		{20C5B39E-CEBA-4CCD-979A-5499B4030043}.Debug|Any CPU.ActiveCfg = Debug|Any CPU
		{20C5B39E-CEBA-4CCD-979A-5499B4030043}.Debug|Any CPU.Build.0 = Debug|Any CPU
		{20C5B39E-CEBA-4CCD-979A-5499B4030043}.Release|Any CPU.ActiveCfg = Release|Any CPU
		{20C5B39E-CEBA-4CCD-979A-5499B4030043}.Release|Any CPU.Build.0 = Release|Any CPU
		{02D5D1C5-675D-482D-9F74-F06FC522D2CC}.Debug|Any CPU.ActiveCfg = Debug|Any CPU
		{02D5D1C5-675D-482D-9F74-F06FC522D2CC}.Debug|Any CPU.Build.0 = Debug|Any CPU
		{02D5D1C5-675D-482D-9F74-F06FC522D2CC}.Release|Any CPU.ActiveCfg = Release|Any CPU
		{02D5D1C5-675D-482D-9F74-F06FC522D2CC}.Release|Any CPU.Build.0 = Release|Any CPU
		{2EFD1494-BFFA-4FFD-A8DF-6E4407FE2F8C}.Debug|Any CPU.ActiveCfg = Debug|Any CPU
		{2EFD1494-BFFA-4FFD-A8DF-6E4407FE2F8C}.Debug|Any CPU.Build.0 = Debug|Any CPU
		{2EFD1494-BFFA-4FFD-A8DF-6E4407FE2F8C}.Release|Any CPU.ActiveCfg = Release|Any CPU
		{2EFD1494-BFFA-4FFD-A8DF-6E4407FE2F8C}.Release|Any CPU.Build.0 = Release|Any CPU
		{C4236F3D-CB6F-4476-AF11-F0C57ED1FC5E}.Debug|Any CPU.ActiveCfg = Debug|Any CPU
		{C4236F3D-CB6F-4476-AF11-F0C57ED1FC5E}.Debug|Any CPU.Build.0 = Debug|Any CPU
		{C4236F3D-CB6F-4476-AF11-F0C57ED1FC5E}.Release|Any CPU.ActiveCfg = Release|Any CPU
		{C4236F3D-CB6F-4476-AF11-F0C57ED1FC5E}.Release|Any CPU.Build.0 = Release|Any CPU
		{A323CAED-4D94-4AB1-B153-3C477A1DEF50}.Debug|Any CPU.ActiveCfg = Debug|Any CPU
		{A323CAED-4D94-4AB1-B153-3C477A1DEF50}.Debug|Any CPU.Build.0 = Debug|Any CPU
		{A323CAED-4D94-4AB1-B153-3C477A1DEF50}.Release|Any CPU.ActiveCfg = Release|Any CPU
		{A323CAED-4D94-4AB1-B153-3C477A1DEF50}.Release|Any CPU.Build.0 = Release|Any CPU
		{639D957B-F9AB-4809-A4B6-F4ADEB2E0163}.Debug|Any CPU.ActiveCfg = Debug|Any CPU
		{639D957B-F9AB-4809-A4B6-F4ADEB2E0163}.Debug|Any CPU.Build.0 = Debug|Any CPU
		{639D957B-F9AB-4809-A4B6-F4ADEB2E0163}.Release|Any CPU.ActiveCfg = Release|Any CPU
		{639D957B-F9AB-4809-A4B6-F4ADEB2E0163}.Release|Any CPU.Build.0 = Release|Any CPU
		{9343354C-A9AA-4BB5-BD86-9901716CA0A0}.Debug|Any CPU.ActiveCfg = Debug|Any CPU
		{9343354C-A9AA-4BB5-BD86-9901716CA0A0}.Debug|Any CPU.Build.0 = Debug|Any CPU
		{9343354C-A9AA-4BB5-BD86-9901716CA0A0}.Release|Any CPU.ActiveCfg = Release|Any CPU
		{9343354C-A9AA-4BB5-BD86-9901716CA0A0}.Release|Any CPU.Build.0 = Release|Any CPU
		{A8C89A01-7B24-4636-B54F-80258F2E1455}.Debug|Any CPU.ActiveCfg = Debug|Any CPU
		{A8C89A01-7B24-4636-B54F-80258F2E1455}.Debug|Any CPU.Build.0 = Debug|Any CPU
		{A8C89A01-7B24-4636-B54F-80258F2E1455}.Release|Any CPU.ActiveCfg = Release|Any CPU
		{A8C89A01-7B24-4636-B54F-80258F2E1455}.Release|Any CPU.Build.0 = Release|Any CPU
		{33DC048A-3650-4A22-8B13-415403DCA584}.Debug|Any CPU.ActiveCfg = Debug|Any CPU
		{33DC048A-3650-4A22-8B13-415403DCA584}.Debug|Any CPU.Build.0 = Debug|Any CPU
		{33DC048A-3650-4A22-8B13-415403DCA584}.Release|Any CPU.ActiveCfg = Release|Any CPU
		{33DC048A-3650-4A22-8B13-415403DCA584}.Release|Any CPU.Build.0 = Release|Any CPU
		{00F4B1F1-C634-4F69-9BFF-831E42DEB170}.Debug|Any CPU.ActiveCfg = Debug|Any CPU
		{00F4B1F1-C634-4F69-9BFF-831E42DEB170}.Debug|Any CPU.Build.0 = Debug|Any CPU
		{00F4B1F1-C634-4F69-9BFF-831E42DEB170}.Release|Any CPU.ActiveCfg = Release|Any CPU
		{00F4B1F1-C634-4F69-9BFF-831E42DEB170}.Release|Any CPU.Build.0 = Release|Any CPU
		{E7DF8128-89BA-4B60-8AC0-EEBB96211A8F}.Debug|Any CPU.ActiveCfg = Debug|Any CPU
		{E7DF8128-89BA-4B60-8AC0-EEBB96211A8F}.Debug|Any CPU.Build.0 = Debug|Any CPU
		{E7DF8128-89BA-4B60-8AC0-EEBB96211A8F}.Release|Any CPU.ActiveCfg = Release|Any CPU
		{E7DF8128-89BA-4B60-8AC0-EEBB96211A8F}.Release|Any CPU.Build.0 = Release|Any CPU
		{BB4DCBE8-8A27-4C9A-854E-484706F49D04}.Debug|Any CPU.ActiveCfg = Debug|Any CPU
		{BB4DCBE8-8A27-4C9A-854E-484706F49D04}.Debug|Any CPU.Build.0 = Debug|Any CPU
		{BB4DCBE8-8A27-4C9A-854E-484706F49D04}.Release|Any CPU.ActiveCfg = Release|Any CPU
		{BB4DCBE8-8A27-4C9A-854E-484706F49D04}.Release|Any CPU.Build.0 = Release|Any CPU
		{31542B3D-096B-4051-AC17-624136CAC867}.Debug|Any CPU.ActiveCfg = Debug|Any CPU
		{31542B3D-096B-4051-AC17-624136CAC867}.Debug|Any CPU.Build.0 = Debug|Any CPU
		{31542B3D-096B-4051-AC17-624136CAC867}.Release|Any CPU.ActiveCfg = Release|Any CPU
		{31542B3D-096B-4051-AC17-624136CAC867}.Release|Any CPU.Build.0 = Release|Any CPU
		{CFF4287A-1A9B-4D0F-A6B1-9C4AB0291718}.Debug|Any CPU.ActiveCfg = Debug|Any CPU
		{CFF4287A-1A9B-4D0F-A6B1-9C4AB0291718}.Debug|Any CPU.Build.0 = Debug|Any CPU
		{CFF4287A-1A9B-4D0F-A6B1-9C4AB0291718}.Release|Any CPU.ActiveCfg = Release|Any CPU
		{CFF4287A-1A9B-4D0F-A6B1-9C4AB0291718}.Release|Any CPU.Build.0 = Release|Any CPU
	EndGlobalSection
	GlobalSection(SolutionProperties) = preSolution
		HideSolutionNode = FALSE
	EndGlobalSection
	GlobalSection(NestedProjects) = preSolution
		{F47D1283-0EE9-4728-8026-58405C29B786} = {8B467944-153B-4C90-BAB1-8F1B34C3075A}
		{E0ADFFCA-A604-42D1-8F6D-DE888E061188} = {8B467944-153B-4C90-BAB1-8F1B34C3075A}
		{F354FBF2-8FF6-424E-AF59-DB58EC767D39} = {8B467944-153B-4C90-BAB1-8F1B34C3075A}
		{677D0C2C-B66E-487E-B915-CFE1C63CB1CC} = {8B467944-153B-4C90-BAB1-8F1B34C3075A}
		{E8108CC6-A798-423C-99C6-A37BEBCEE7F0} = {8B467944-153B-4C90-BAB1-8F1B34C3075A}
		{96B22EB9-771A-4DCA-B828-E6EA2774CF1B} = {F47D1283-0EE9-4728-8026-58405C29B786}
		{7CBEAFD2-E3D0-4424-9B78-E87AB52327A6} = {F47D1283-0EE9-4728-8026-58405C29B786}
		{BA61A766-958E-4960-B6FA-D1140A67511C} = {E0ADFFCA-A604-42D1-8F6D-DE888E061188}
		{D10D7632-54E7-42F3-9E1E-82F72F25ECC4} = {E0ADFFCA-A604-42D1-8F6D-DE888E061188}
		{81B4872C-5F9F-4E4F-A895-E4057BD81E29} = {E0ADFFCA-A604-42D1-8F6D-DE888E061188}
		{A75B3EE1-70F2-467B-8251-DEC0B02F5299} = {F354FBF2-8FF6-424E-AF59-DB58EC767D39}
		{24E80778-8E90-42CA-B052-B783C13B8968} = {F354FBF2-8FF6-424E-AF59-DB58EC767D39}
		{11AC3EFC-B4C0-42E2-8DB3-B39B3817CAA3} = {677D0C2C-B66E-487E-B915-CFE1C63CB1CC}
		{81382AEF-4096-4653-85D9-9A55FC67885C} = {677D0C2C-B66E-487E-B915-CFE1C63CB1CC}
		{EB20BBB7-591C-44AB-8FDE-3272CAC2BF56} = {E8108CC6-A798-423C-99C6-A37BEBCEE7F0}
		{9C934C2E-BC44-4644-A77B-EDC5DCBA4624} = {E8108CC6-A798-423C-99C6-A37BEBCEE7F0}
		{94035563-0B48-4BC0-B267-ACDE9B68A655} = {E0ADFFCA-A604-42D1-8F6D-DE888E061188}
		{650ADCA7-6D20-41D6-AC76-827E0EBEDB5A} = {277544C8-FE91-41EE-81A8-12FE99BA9F60}
		{EC0CA0E4-6621-4F31-B954-02C7D6EF4566} = {277544C8-FE91-41EE-81A8-12FE99BA9F60}
		{548BBBF7-89DC-42DE-A0AD-3271E8DA8B0E} = {277544C8-FE91-41EE-81A8-12FE99BA9F60}
		{277544C8-FE91-41EE-81A8-12FE99BA9F60} = {8B467944-153B-4C90-BAB1-8F1B34C3075A}
		{196EEDE4-CF84-44D5-905B-30F341F7617E} = {8B467944-153B-4C90-BAB1-8F1B34C3075A}
		{A5CEBB9D-01DE-489B-AED6-4417A773516D} = {196EEDE4-CF84-44D5-905B-30F341F7617E}
		{839319BA-4C99-4620-BDFE-F9F114DC9979} = {196EEDE4-CF84-44D5-905B-30F341F7617E}
		{37448199-E002-4FA0-A712-B6DB22DA98EC} = {8B467944-153B-4C90-BAB1-8F1B34C3075A}
		{20C5B39E-CEBA-4CCD-979A-5499B4030043} = {37448199-E002-4FA0-A712-B6DB22DA98EC}
		{02D5D1C5-675D-482D-9F74-F06FC522D2CC} = {37448199-E002-4FA0-A712-B6DB22DA98EC}
		{ED010D24-86A2-4B38-82E4-37751AFBB5A7} = {8B467944-153B-4C90-BAB1-8F1B34C3075A}
		{2EFD1494-BFFA-4FFD-A8DF-6E4407FE2F8C} = {ED010D24-86A2-4B38-82E4-37751AFBB5A7}
		{C4236F3D-CB6F-4476-AF11-F0C57ED1FC5E} = {ED010D24-86A2-4B38-82E4-37751AFBB5A7}
		{4BEBB450-228D-4376-A287-ECF9DC15FA8B} = {8B467944-153B-4C90-BAB1-8F1B34C3075A}
		{A323CAED-4D94-4AB1-B153-3C477A1DEF50} = {4BEBB450-228D-4376-A287-ECF9DC15FA8B}
		{639D957B-F9AB-4809-A4B6-F4ADEB2E0163} = {4BEBB450-228D-4376-A287-ECF9DC15FA8B}
		{C1A7C9CE-10A0-42E7-9EF8-6001DE59CBFA} = {8B467944-153B-4C90-BAB1-8F1B34C3075A}
		{9343354C-A9AA-4BB5-BD86-9901716CA0A0} = {C1A7C9CE-10A0-42E7-9EF8-6001DE59CBFA}
		{E61EDAE1-AFBE-4B53-9A4B-E4BE2A609C45} = {8B467944-153B-4C90-BAB1-8F1B34C3075A}
		{A8C89A01-7B24-4636-B54F-80258F2E1455} = {E61EDAE1-AFBE-4B53-9A4B-E4BE2A609C45}
		{33DC048A-3650-4A22-8B13-415403DCA584} = {E61EDAE1-AFBE-4B53-9A4B-E4BE2A609C45}
		{6B6EC350-1413-4B26-91E4-255DA5394227} = {8B467944-153B-4C90-BAB1-8F1B34C3075A}
		{00F4B1F1-C634-4F69-9BFF-831E42DEB170} = {6B6EC350-1413-4B26-91E4-255DA5394227}
		{E7DF8128-89BA-4B60-8AC0-EEBB96211A8F} = {6B6EC350-1413-4B26-91E4-255DA5394227}
		{941B57F4-DF00-4AAB-9BBF-C07D9393CCEB} = {6B6EC350-1413-4B26-91E4-255DA5394227}
		{BB4DCBE8-8A27-4C9A-854E-484706F49D04} = {941B57F4-DF00-4AAB-9BBF-C07D9393CCEB}
		{31542B3D-096B-4051-AC17-624136CAC867} = {941B57F4-DF00-4AAB-9BBF-C07D9393CCEB}
		{CFF4287A-1A9B-4D0F-A6B1-9C4AB0291718} = {941B57F4-DF00-4AAB-9BBF-C07D9393CCEB}
	EndGlobalSection
	GlobalSection(ExtensibilityGlobals) = postSolution
		SolutionGuid = {F3ECDD26-F40D-4AB4-BC48-8DF143F98FAE}
	EndGlobalSection
EndGlobal
