
Microsoft Visual Studio Solution File, Format Version 12.00
# Visual Studio Version 16
VisualStudioVersion = 16.0.30002.166
MinimumVisualStudioVersion = 10.0.40219.1
Project("{2150E333-8FDC-42A3-9474-1A3956D46DE8}") = "samples", "samples", "{8B467944-153B-4C90-BAB1-8F1B34C3075A}"
EndProject
Project("{2150E333-8FDC-42A3-9474-1A3956D46DE8}") = "Velusia", "Velusia", "{F47D1283-0EE9-4728-8026-58405C29B786}"
EndProject
Project("{2150E333-8FDC-42A3-9474-1A3956D46DE8}") = "Zirku", "Zirku", "{E0ADFFCA-A604-42D1-8F6D-DE888E061188}"
EndProject
Project("{2150E333-8FDC-42A3-9474-1A3956D46DE8}") = "Hollastin", "Hollastin", "{F354FBF2-8FF6-424E-AF59-DB58EC767D39}"
EndProject
Project("{2150E333-8FDC-42A3-9474-1A3956D46DE8}") = "Aridka", "Aridka", "{677D0C2C-B66E-487E-B915-CFE1C63CB1CC}"
EndProject
Project("{2150E333-8FDC-42A3-9474-1A3956D46DE8}") = "Imynusoph", "Imynusoph", "{E8108CC6-A798-423C-99C6-A37BEBCEE7F0}"
EndProject
Project("{9A19103F-16F7-4668-BE54-9A1E7A4F7556}") = "Velusia.Client", "samples\Velusia\Velusia.Client\Velusia.Client.csproj", "{96B22EB9-771A-4DCA-B828-E6EA2774CF1B}"
EndProject
Project("{9A19103F-16F7-4668-BE54-9A1E7A4F7556}") = "Velusia.Server", "samples\Velusia\Velusia.Server\Velusia.Server.csproj", "{7CBEAFD2-E3D0-4424-9B78-E87AB52327A6}"
EndProject
Project("{9A19103F-16F7-4668-BE54-9A1E7A4F7556}") = "Zirku.Api1", "samples\Zirku\Zirku.Api1\Zirku.Api1.csproj", "{BA61A766-958E-4960-B6FA-D1140A67511C}"
EndProject
Project("{9A19103F-16F7-4668-BE54-9A1E7A4F7556}") = "Zirku.Api2", "samples\Zirku\Zirku.Api2\Zirku.Api2.csproj", "{D10D7632-54E7-42F3-9E1E-82F72F25ECC4}"
EndProject
Project("{9A19103F-16F7-4668-BE54-9A1E7A4F7556}") = "Zirku.Server", "samples\Zirku\Zirku.Server\Zirku.Server.csproj", "{81B4872C-5F9F-4E4F-A895-E4057BD81E29}"
EndProject
Project("{9A19103F-16F7-4668-BE54-9A1E7A4F7556}") = "Hollastin.Server", "samples\Hollastin\Hollastin.Server\Hollastin.Server.csproj", "{A75B3EE1-70F2-467B-8251-DEC0B02F5299}"
EndProject
Project("{9A19103F-16F7-4668-BE54-9A1E7A4F7556}") = "Hollastin.Client", "samples\Hollastin\Hollastin.Client\Hollastin.Client.csproj", "{24E80778-8E90-42CA-B052-B783C13B8968}"
EndProject
Project("{9A19103F-16F7-4668-BE54-9A1E7A4F7556}") = "Aridka.Server", "samples\Aridka\Aridka.Server\Aridka.Server.csproj", "{11AC3EFC-B4C0-42E2-8DB3-B39B3817CAA3}"
EndProject
Project("{9A19103F-16F7-4668-BE54-9A1E7A4F7556}") = "Aridka.Client", "samples\Aridka\Aridka.Client\Aridka.Client.csproj", "{81382AEF-4096-4653-85D9-9A55FC67885C}"
EndProject
Project("{9A19103F-16F7-4668-BE54-9A1E7A4F7556}") = "Imynusoph.Server", "samples\Imynusoph\Imynusoph.Server\Imynusoph.Server.csproj", "{EB20BBB7-591C-44AB-8FDE-3272CAC2BF56}"
EndProject
Project("{9A19103F-16F7-4668-BE54-9A1E7A4F7556}") = "Imynusoph.Client", "samples\Imynusoph\Imynusoph.Client\Imynusoph.Client.csproj", "{9C934C2E-BC44-4644-A77B-EDC5DCBA4624}"
EndProject
Project("{2150E333-8FDC-42A3-9474-1A3956D46DE8}") = "eng", "eng", "{713DB665-E7C3-4106-A5C5-65B5046A1DC0}"
	ProjectSection(SolutionItems) = preProject
		eng\Signing.props = eng\Signing.props
		eng\Version.Details.xml = eng\Version.Details.xml
	EndProjectSection
EndProject
Project("{2150E333-8FDC-42A3-9474-1A3956D46DE8}") = "root", "root", "{1DBD2338-AD2E-4DCF-B1C3-0B4E31E76585}"
	ProjectSection(SolutionItems) = preProject
		.gitattributes = .gitattributes
		.gitignore = .gitignore
		build.cmd = build.cmd
		build.sh = build.sh
		Directory.Build.props = Directory.Build.props
		Directory.Build.targets = Directory.Build.targets
		global.json = global.json
		LICENSE.md = LICENSE.md
		NuGet.config = NuGet.config
		Packages.props = Packages.props
		README.md = README.md
	EndProjectSection
EndProject
Project("{9A19103F-16F7-4668-BE54-9A1E7A4F7556}") = "Zirku.Client", "samples\Zirku\Zirku.Client\Zirku.Client.csproj", "{94035563-0B48-4BC0-B267-ACDE9B68A655}"
EndProject
Project("{2150E333-8FDC-42A3-9474-1A3956D46DE8}") = "workflows", "workflows", "{0E148014-CB0B-4E21-A1B9-90F0BDC1530C}"
	ProjectSection(SolutionItems) = preProject
		.github\workflows\build.yml = .github\workflows\build.yml
	EndProjectSection
EndProject
Project("{9A19103F-16F7-4668-BE54-9A1E7A4F7556}") = "Balosar.Server", "samples\Balosar\Balosar.Server\Balosar.Server.csproj", "{650ADCA7-6D20-41D6-AC76-827E0EBEDB5A}"
EndProject
Project("{9A19103F-16F7-4668-BE54-9A1E7A4F7556}") = "Balosar.Client", "samples\Balosar\Balosar.Client\Balosar.Client.csproj", "{EC0CA0E4-6621-4F31-B954-02C7D6EF4566}"
EndProject
Project("{9A19103F-16F7-4668-BE54-9A1E7A4F7556}") = "Balosar.Shared", "samples\Balosar\Balosar.Shared\Balosar.Shared.csproj", "{548BBBF7-89DC-42DE-A0AD-3271E8DA8B0E}"
EndProject
Project("{2150E333-8FDC-42A3-9474-1A3956D46DE8}") = "Balosar", "Balosar", "{277544C8-FE91-41EE-81A8-12FE99BA9F60}"
EndProject
Project("{2150E333-8FDC-42A3-9474-1A3956D46DE8}") = "Kalarba", "Kalarba", "{196EEDE4-CF84-44D5-905B-30F341F7617E}"
EndProject
Project("{FAE04EC0-301F-11D3-BF4B-00C04F79EFBC}") = "Kalarba.Server", "samples\Kalarba\Kalarba.Server\Kalarba.Server.csproj", "{A5CEBB9D-01DE-489B-AED6-4417A773516D}"
EndProject
Project("{FAE04EC0-301F-11D3-BF4B-00C04F79EFBC}") = "Kalarba.Client", "samples\Kalarba\Kalarba.Client\Kalarba.Client.csproj", "{839319BA-4C99-4620-BDFE-F9F114DC9979}"
EndProject
Global
	GlobalSection(SolutionConfigurationPlatforms) = preSolution
		Debug|Any CPU = Debug|Any CPU
		Release|Any CPU = Release|Any CPU
	EndGlobalSection
	GlobalSection(ProjectConfigurationPlatforms) = postSolution
		{96B22EB9-771A-4DCA-B828-E6EA2774CF1B}.Debug|Any CPU.ActiveCfg = Debug|Any CPU
		{96B22EB9-771A-4DCA-B828-E6EA2774CF1B}.Debug|Any CPU.Build.0 = Debug|Any CPU
		{96B22EB9-771A-4DCA-B828-E6EA2774CF1B}.Release|Any CPU.ActiveCfg = Release|Any CPU
		{96B22EB9-771A-4DCA-B828-E6EA2774CF1B}.Release|Any CPU.Build.0 = Release|Any CPU
		{7CBEAFD2-E3D0-4424-9B78-E87AB52327A6}.Debug|Any CPU.ActiveCfg = Debug|Any CPU
		{7CBEAFD2-E3D0-4424-9B78-E87AB52327A6}.Debug|Any CPU.Build.0 = Debug|Any CPU
		{7CBEAFD2-E3D0-4424-9B78-E87AB52327A6}.Release|Any CPU.ActiveCfg = Release|Any CPU
		{7CBEAFD2-E3D0-4424-9B78-E87AB52327A6}.Release|Any CPU.Build.0 = Release|Any CPU
		{BA61A766-958E-4960-B6FA-D1140A67511C}.Debug|Any CPU.ActiveCfg = Debug|Any CPU
		{BA61A766-958E-4960-B6FA-D1140A67511C}.Debug|Any CPU.Build.0 = Debug|Any CPU
		{BA61A766-958E-4960-B6FA-D1140A67511C}.Release|Any CPU.ActiveCfg = Release|Any CPU
		{BA61A766-958E-4960-B6FA-D1140A67511C}.Release|Any CPU.Build.0 = Release|Any CPU
		{D10D7632-54E7-42F3-9E1E-82F72F25ECC4}.Debug|Any CPU.ActiveCfg = Debug|Any CPU
		{D10D7632-54E7-42F3-9E1E-82F72F25ECC4}.Debug|Any CPU.Build.0 = Debug|Any CPU
		{D10D7632-54E7-42F3-9E1E-82F72F25ECC4}.Release|Any CPU.ActiveCfg = Release|Any CPU
		{D10D7632-54E7-42F3-9E1E-82F72F25ECC4}.Release|Any CPU.Build.0 = Release|Any CPU
		{81B4872C-5F9F-4E4F-A895-E4057BD81E29}.Debug|Any CPU.ActiveCfg = Debug|Any CPU
		{81B4872C-5F9F-4E4F-A895-E4057BD81E29}.Debug|Any CPU.Build.0 = Debug|Any CPU
		{81B4872C-5F9F-4E4F-A895-E4057BD81E29}.Release|Any CPU.ActiveCfg = Release|Any CPU
		{81B4872C-5F9F-4E4F-A895-E4057BD81E29}.Release|Any CPU.Build.0 = Release|Any CPU
		{A75B3EE1-70F2-467B-8251-DEC0B02F5299}.Debug|Any CPU.ActiveCfg = Debug|Any CPU
		{A75B3EE1-70F2-467B-8251-DEC0B02F5299}.Debug|Any CPU.Build.0 = Debug|Any CPU
		{A75B3EE1-70F2-467B-8251-DEC0B02F5299}.Release|Any CPU.ActiveCfg = Release|Any CPU
		{A75B3EE1-70F2-467B-8251-DEC0B02F5299}.Release|Any CPU.Build.0 = Release|Any CPU
		{24E80778-8E90-42CA-B052-B783C13B8968}.Debug|Any CPU.ActiveCfg = Debug|Any CPU
		{24E80778-8E90-42CA-B052-B783C13B8968}.Debug|Any CPU.Build.0 = Debug|Any CPU
		{24E80778-8E90-42CA-B052-B783C13B8968}.Release|Any CPU.ActiveCfg = Release|Any CPU
		{24E80778-8E90-42CA-B052-B783C13B8968}.Release|Any CPU.Build.0 = Release|Any CPU
		{11AC3EFC-B4C0-42E2-8DB3-B39B3817CAA3}.Debug|Any CPU.ActiveCfg = Debug|Any CPU
		{11AC3EFC-B4C0-42E2-8DB3-B39B3817CAA3}.Debug|Any CPU.Build.0 = Debug|Any CPU
		{11AC3EFC-B4C0-42E2-8DB3-B39B3817CAA3}.Release|Any CPU.ActiveCfg = Release|Any CPU
		{11AC3EFC-B4C0-42E2-8DB3-B39B3817CAA3}.Release|Any CPU.Build.0 = Release|Any CPU
		{81382AEF-4096-4653-85D9-9A55FC67885C}.Debug|Any CPU.ActiveCfg = Debug|Any CPU
		{81382AEF-4096-4653-85D9-9A55FC67885C}.Debug|Any CPU.Build.0 = Debug|Any CPU
		{81382AEF-4096-4653-85D9-9A55FC67885C}.Release|Any CPU.ActiveCfg = Release|Any CPU
		{81382AEF-4096-4653-85D9-9A55FC67885C}.Release|Any CPU.Build.0 = Release|Any CPU
		{EB20BBB7-591C-44AB-8FDE-3272CAC2BF56}.Debug|Any CPU.ActiveCfg = Debug|Any CPU
		{EB20BBB7-591C-44AB-8FDE-3272CAC2BF56}.Debug|Any CPU.Build.0 = Debug|Any CPU
		{EB20BBB7-591C-44AB-8FDE-3272CAC2BF56}.Release|Any CPU.ActiveCfg = Release|Any CPU
		{EB20BBB7-591C-44AB-8FDE-3272CAC2BF56}.Release|Any CPU.Build.0 = Release|Any CPU
		{9C934C2E-BC44-4644-A77B-EDC5DCBA4624}.Debug|Any CPU.ActiveCfg = Debug|Any CPU
		{9C934C2E-BC44-4644-A77B-EDC5DCBA4624}.Debug|Any CPU.Build.0 = Debug|Any CPU
		{9C934C2E-BC44-4644-A77B-EDC5DCBA4624}.Release|Any CPU.ActiveCfg = Release|Any CPU
		{9C934C2E-BC44-4644-A77B-EDC5DCBA4624}.Release|Any CPU.Build.0 = Release|Any CPU
		{94035563-0B48-4BC0-B267-ACDE9B68A655}.Debug|Any CPU.ActiveCfg = Debug|Any CPU
		{94035563-0B48-4BC0-B267-ACDE9B68A655}.Debug|Any CPU.Build.0 = Debug|Any CPU
		{94035563-0B48-4BC0-B267-ACDE9B68A655}.Release|Any CPU.ActiveCfg = Release|Any CPU
		{94035563-0B48-4BC0-B267-ACDE9B68A655}.Release|Any CPU.Build.0 = Release|Any CPU
		{650ADCA7-6D20-41D6-AC76-827E0EBEDB5A}.Debug|Any CPU.ActiveCfg = Debug|Any CPU
		{650ADCA7-6D20-41D6-AC76-827E0EBEDB5A}.Debug|Any CPU.Build.0 = Debug|Any CPU
		{650ADCA7-6D20-41D6-AC76-827E0EBEDB5A}.Release|Any CPU.ActiveCfg = Release|Any CPU
		{650ADCA7-6D20-41D6-AC76-827E0EBEDB5A}.Release|Any CPU.Build.0 = Release|Any CPU
		{EC0CA0E4-6621-4F31-B954-02C7D6EF4566}.Debug|Any CPU.ActiveCfg = Debug|Any CPU
		{EC0CA0E4-6621-4F31-B954-02C7D6EF4566}.Debug|Any CPU.Build.0 = Debug|Any CPU
		{EC0CA0E4-6621-4F31-B954-02C7D6EF4566}.Release|Any CPU.ActiveCfg = Release|Any CPU
		{EC0CA0E4-6621-4F31-B954-02C7D6EF4566}.Release|Any CPU.Build.0 = Release|Any CPU
		{548BBBF7-89DC-42DE-A0AD-3271E8DA8B0E}.Debug|Any CPU.ActiveCfg = Debug|Any CPU
		{548BBBF7-89DC-42DE-A0AD-3271E8DA8B0E}.Debug|Any CPU.Build.0 = Debug|Any CPU
		{548BBBF7-89DC-42DE-A0AD-3271E8DA8B0E}.Release|Any CPU.ActiveCfg = Release|Any CPU
		{548BBBF7-89DC-42DE-A0AD-3271E8DA8B0E}.Release|Any CPU.Build.0 = Release|Any CPU
		{A5CEBB9D-01DE-489B-AED6-4417A773516D}.Debug|Any CPU.ActiveCfg = Debug|Any CPU
		{A5CEBB9D-01DE-489B-AED6-4417A773516D}.Debug|Any CPU.Build.0 = Debug|Any CPU
		{A5CEBB9D-01DE-489B-AED6-4417A773516D}.Release|Any CPU.ActiveCfg = Release|Any CPU
		{A5CEBB9D-01DE-489B-AED6-4417A773516D}.Release|Any CPU.Build.0 = Release|Any CPU
		{839319BA-4C99-4620-BDFE-F9F114DC9979}.Debug|Any CPU.ActiveCfg = Debug|Any CPU
		{839319BA-4C99-4620-BDFE-F9F114DC9979}.Debug|Any CPU.Build.0 = Debug|Any CPU
		{839319BA-4C99-4620-BDFE-F9F114DC9979}.Release|Any CPU.ActiveCfg = Release|Any CPU
		{839319BA-4C99-4620-BDFE-F9F114DC9979}.Release|Any CPU.Build.0 = Release|Any CPU
	EndGlobalSection
	GlobalSection(SolutionProperties) = preSolution
		HideSolutionNode = FALSE
	EndGlobalSection
	GlobalSection(NestedProjects) = preSolution
		{F47D1283-0EE9-4728-8026-58405C29B786} = {8B467944-153B-4C90-BAB1-8F1B34C3075A}
		{E0ADFFCA-A604-42D1-8F6D-DE888E061188} = {8B467944-153B-4C90-BAB1-8F1B34C3075A}
		{F354FBF2-8FF6-424E-AF59-DB58EC767D39} = {8B467944-153B-4C90-BAB1-8F1B34C3075A}
		{677D0C2C-B66E-487E-B915-CFE1C63CB1CC} = {8B467944-153B-4C90-BAB1-8F1B34C3075A}
		{E8108CC6-A798-423C-99C6-A37BEBCEE7F0} = {8B467944-153B-4C90-BAB1-8F1B34C3075A}
		{96B22EB9-771A-4DCA-B828-E6EA2774CF1B} = {F47D1283-0EE9-4728-8026-58405C29B786}
		{7CBEAFD2-E3D0-4424-9B78-E87AB52327A6} = {F47D1283-0EE9-4728-8026-58405C29B786}
		{BA61A766-958E-4960-B6FA-D1140A67511C} = {E0ADFFCA-A604-42D1-8F6D-DE888E061188}
		{D10D7632-54E7-42F3-9E1E-82F72F25ECC4} = {E0ADFFCA-A604-42D1-8F6D-DE888E061188}
		{81B4872C-5F9F-4E4F-A895-E4057BD81E29} = {E0ADFFCA-A604-42D1-8F6D-DE888E061188}
		{A75B3EE1-70F2-467B-8251-DEC0B02F5299} = {F354FBF2-8FF6-424E-AF59-DB58EC767D39}
		{24E80778-8E90-42CA-B052-B783C13B8968} = {F354FBF2-8FF6-424E-AF59-DB58EC767D39}
		{11AC3EFC-B4C0-42E2-8DB3-B39B3817CAA3} = {677D0C2C-B66E-487E-B915-CFE1C63CB1CC}
		{81382AEF-4096-4653-85D9-9A55FC67885C} = {677D0C2C-B66E-487E-B915-CFE1C63CB1CC}
		{EB20BBB7-591C-44AB-8FDE-3272CAC2BF56} = {E8108CC6-A798-423C-99C6-A37BEBCEE7F0}
		{9C934C2E-BC44-4644-A77B-EDC5DCBA4624} = {E8108CC6-A798-423C-99C6-A37BEBCEE7F0}
		{94035563-0B48-4BC0-B267-ACDE9B68A655} = {E0ADFFCA-A604-42D1-8F6D-DE888E061188}
		{650ADCA7-6D20-41D6-AC76-827E0EBEDB5A} = {277544C8-FE91-41EE-81A8-12FE99BA9F60}
		{EC0CA0E4-6621-4F31-B954-02C7D6EF4566} = {277544C8-FE91-41EE-81A8-12FE99BA9F60}
		{548BBBF7-89DC-42DE-A0AD-3271E8DA8B0E} = {277544C8-FE91-41EE-81A8-12FE99BA9F60}
		{277544C8-FE91-41EE-81A8-12FE99BA9F60} = {8B467944-153B-4C90-BAB1-8F1B34C3075A}
		{196EEDE4-CF84-44D5-905B-30F341F7617E} = {8B467944-153B-4C90-BAB1-8F1B34C3075A}
		{A5CEBB9D-01DE-489B-AED6-4417A773516D} = {196EEDE4-CF84-44D5-905B-30F341F7617E}
		{839319BA-4C99-4620-BDFE-F9F114DC9979} = {196EEDE4-CF84-44D5-905B-30F341F7617E}
	EndGlobalSection
	GlobalSection(ExtensibilityGlobals) = postSolution
		SolutionGuid = {F3ECDD26-F40D-4AB4-BC48-8DF143F98FAE}
	EndGlobalSection
EndGlobal
