
Microsoft Visual Studio Solution File, Format Version 12.00
Project("{FAE04EC0-301F-11D3-BF4B-00C04F79EFBC}") = "Gonda.Server", "Gonda.Server\Gonda.Server.csproj", "{E25BDFF6-673E-4D5A-A1CD-72D883CF8CBF}"
EndProject
Project("{FAE04EC0-301F-11D3-BF4B-00C04F79EFBC}") = "Gonda.Client", "Gonda.Client\Gonda.Client.csproj", "{ADA4F1FE-0080-4378-8AA4-9E2C3DEDF343}"
EndProject
Project("{FAE04EC0-301F-11D3-BF4B-00C04F79EFBC}") = "Gonda.Api1", "Gonda.Api1\Gonda.Api1.csproj", "{0C8682F6-0630-4F7E-B187-FE4152AD001C}"
EndProject
Global
	GlobalSection(SolutionConfigurationPlatforms) = preSolution
		Debug|Any CPU = Debug|Any CPU
		Release|Any CPU = Release|Any CPU
	EndGlobalSection
	GlobalSection(ProjectConfigurationPlatforms) = postSolution
		{E25BDFF6-673E-4D5A-A1CD-72D883CF8CBF}.Debug|Any CPU.ActiveCfg = Debug|Any CPU
		{E25BDFF6-673E-4D5A-A1CD-72D883CF8CBF}.Debug|Any CPU.Build.0 = Debug|Any CPU
		{E25BDFF6-673E-4D5A-A1CD-72D883CF8CBF}.Release|Any CPU.ActiveCfg = Release|Any CPU
		{E25BDFF6-673E-4D5A-A1CD-72D883CF8CBF}.Release|Any CPU.Build.0 = Release|Any CPU
		{ADA4F1FE-0080-4378-8AA4-9E2C3DEDF343}.Debug|Any CPU.ActiveCfg = Debug|Any CPU
		{ADA4F1FE-0080-4378-8AA4-9E2C3DEDF343}.Debug|Any CPU.Build.0 = Debug|Any CPU
		{ADA4F1FE-0080-4378-8AA4-9E2C3DEDF343}.Release|Any CPU.ActiveCfg = Release|Any CPU
		{ADA4F1FE-0080-4378-8AA4-9E2C3DEDF343}.Release|Any CPU.Build.0 = Release|Any CPU
		{0C8682F6-0630-4F7E-B187-FE4152AD001C}.Debug|Any CPU.ActiveCfg = Debug|Any CPU
		{0C8682F6-0630-4F7E-B187-FE4152AD001C}.Debug|Any CPU.Build.0 = Debug|Any CPU
		{0C8682F6-0630-4F7E-B187-FE4152AD001C}.Release|Any CPU.ActiveCfg = Release|Any CPU
		{0C8682F6-0630-4F7E-B187-FE4152AD001C}.Release|Any CPU.Build.0 = Release|Any CPU
	EndGlobalSection
EndGlobal
